# Lockfile v4
# This file is automatically generated by Wapm.
# It is not intended for manual editing. The schema of this file may change.
[modules.wasi-version."0.1.0".wasi-version]
name = "wasi-version"
package_version = "0.1.0"
package_name = "wasi-version"
package_path = "wasi-version@0.1.0"
resolved = "local"
resolved_source = "local"
abi = "wasi"
source = "target/wasm32-wasi/release/wasi-version.wasm"
prehashed_module_key = "d12167db18559b21f58cc8b4cfbf134e8d694459e4a8093e1908d6ecb7c7ced8cc9b0fc8b3a1b4b9239cb535a3fb936c754d02d433bfebd840e957467071aa14"
[commands.wasi-version]
name = "wasi-version"
package_name = "wasi-version"
package_version = "0.1.0"
module = "wasi-version"
is_top_level_dependency = true
